
Microsoft Visual Studio Solution File, Format Version 12.00
# Visual Studio Version 17
VisualStudioVersion = 17.14.36518.9
MinimumVisualStudioVersion = 10.0.40219.1
Project("{FAE04EC0-301F-11D3-BF4B-00C04F79EFBC}") = "Learnable.WebApi", "Learnable.WebApi\Learnable.WebApi.csproj", "{69F0BAC1-EC63-42DF-8C32-385F2DA71775}"
EndProject
Project("{FAE04EC0-301F-11D3-BF4B-00C04F79EFBC}") = "Learnable.Domain", "Learnable.Domain\Learnable.Domain.csproj", "{67337392-2B10-4129-AC16-1E40866BAA5F}"
EndProject
Project("{FAE04EC0-301F-11D3-BF4B-00C04F79EFBC}") = "Learnable.Application", "Learnable.Application\Learnable.Application.csproj", "{9EE42E98-4D3D-4D5F-A731-6BADBD2F86E5}"
EndProject
Project("{FAE04EC0-301F-11D3-BF4B-00C04F79EFBC}") = "Learnable.Infrastructure", "Learnable.Infrastructure\Learnable.Infrastructure.csproj", "{EE30E469-847B-44E9-813E-30C095B8B23A}"
EndProject
Global
	GlobalSection(SolutionConfigurationPlatforms) = preSolution
		Debug|Any CPU = Debug|Any CPU
		Release|Any CPU = Release|Any CPU
	EndGlobalSection
	GlobalSection(ProjectConfigurationPlatforms) = postSolution
		{69F0BAC1-EC63-42DF-8C32-385F2DA71775}.Debug|Any CPU.ActiveCfg = Debug|Any CPU
		{69F0BAC1-EC63-42DF-8C32-385F2DA71775}.Debug|Any CPU.Build.0 = Debug|Any CPU
		{69F0BAC1-EC63-42DF-8C32-385F2DA71775}.Release|Any CPU.ActiveCfg = Release|Any CPU
		{69F0BAC1-EC63-42DF-8C32-385F2DA71775}.Release|Any CPU.Build.0 = Release|Any CPU
		{67337392-2B10-4129-AC16-1E40866BAA5F}.Debug|Any CPU.ActiveCfg = Debug|Any CPU
		{67337392-2B10-4129-AC16-1E40866BAA5F}.Debug|Any CPU.Build.0 = Debug|Any CPU
		{67337392-2B10-4129-AC16-1E40866BAA5F}.Release|Any CPU.ActiveCfg = Release|Any CPU
		{67337392-2B10-4129-AC16-1E40866BAA5F}.Release|Any CPU.Build.0 = Release|Any CPU
		{9EE42E98-4D3D-4D5F-A731-6BADBD2F86E5}.Debug|Any CPU.ActiveCfg = Debug|Any CPU
		{9EE42E98-4D3D-4D5F-A731-6BADBD2F86E5}.Debug|Any CPU.Build.0 = Debug|Any CPU
		{9EE42E98-4D3D-4D5F-A731-6BADBD2F86E5}.Release|Any CPU.ActiveCfg = Release|Any CPU
		{9EE42E98-4D3D-4D5F-A731-6BADBD2F86E5}.Release|Any CPU.Build.0 = Release|Any CPU
		{EE30E469-847B-44E9-813E-30C095B8B23A}.Debug|Any CPU.ActiveCfg = Debug|Any CPU
		{EE30E469-847B-44E9-813E-30C095B8B23A}.Debug|Any CPU.Build.0 = Debug|Any CPU
		{EE30E469-847B-44E9-813E-30C095B8B23A}.Release|Any CPU.ActiveCfg = Release|Any CPU
		{EE30E469-847B-44E9-813E-30C095B8B23A}.Release|Any CPU.Build.0 = Release|Any CPU
	EndGlobalSection
	GlobalSection(SolutionProperties) = preSolution
		HideSolutionNode = FALSE
	EndGlobalSection
	GlobalSection(ExtensibilityGlobals) = postSolution
		SolutionGuid = {14DD6AB2-453A-4128-8F53-14149F31F272}
	EndGlobalSection
EndGlobal
